// !$*UTF8*$!
{
	archiveVersion = 1;
	classes = {
	};
	objectVersion = 50;
	objects = {

/* Begin PBXBuildFile section */
		F0F2A2172264209E0007AAF5 /* AppDelegate.swift in Sources */ = {isa = PBXBuildFile; fileRef = F0F2A2162264209E0007AAF5 /* AppDelegate.swift */; };
		F0F2A2192264209E0007AAF5 /* ViewController.swift in Sources */ = {isa = PBXBuildFile; fileRef = F0F2A2182264209E0007AAF5 /* ViewController.swift */; };
		F0F2A21C2264209E0007AAF5 /* Main.storyboard in Resources */ = {isa = PBXBuildFile; fileRef = F0F2A21A2264209E0007AAF5 /* Main.storyboard */; };
		F0F2A21E226420A00007AAF5 /* Assets.xcassets in Resources */ = {isa = PBXBuildFile; fileRef = F0F2A21D226420A00007AAF5 /* Assets.xcassets */; };
		F0F2A221226420A00007AAF5 /* LaunchScreen.storyboard in Resources */ = {isa = PBXBuildFile; fileRef = F0F2A21F226420A00007AAF5 /* LaunchScreen.storyboard */; };
		F0F2A22C226420A00007AAF5 /* MySecondPlaygroundTests.swift in Sources */ = {isa = PBXBuildFile; fileRef = F0F2A22B226420A00007AAF5 /* MySecondPlaygroundTests.swift */; };
		F0F2A237226420A00007AAF5 /* MySecondPlaygroundUITests.swift in Sources */ = {isa = PBXBuildFile; fileRef = F0F2A236226420A00007AAF5 /* MySecondPlaygroundUITests.swift */; };
/* End PBXBuildFile section */

/* Begin PBXContainerItemProxy section */
		F0F2A228226420A00007AAF5 /* PBXContainerItemProxy */ = {
			isa = PBXContainerItemProxy;
			containerPortal = F0F2A20B2264209E0007AAF5 /* Project object */;
			proxyType = 1;
			remoteGlobalIDString = F0F2A2122264209E0007AAF5;
			remoteInfo = MySecondPlayground;
		};
		F0F2A233226420A00007AAF5 /* PBXContainerItemProxy */ = {
			isa = PBXContainerItemProxy;
			containerPortal = F0F2A20B2264209E0007AAF5 /* Project object */;
			proxyType = 1;
			remoteGlobalIDString = F0F2A2122264209E0007AAF5;
			remoteInfo = MySecondPlayground;
		};
/* End PBXContainerItemProxy section */

/* Begin PBXFileReference section */
		F0F2A2132264209E0007AAF5 /* MySecondPlayground.app */ = {isa = PBXFileReference; explicitFileType = wrapper.application; includeInIndex = 0; path = MySecondPlayground.app; sourceTree = BUILT_PRODUCTS_DIR; };
		F0F2A2162264209E0007AAF5 /* AppDelegate.swift */ = {isa = PBXFileReference; lastKnownFileType = sourcecode.swift; path = AppDelegate.swift; sourceTree = "<group>"; };
		F0F2A2182264209E0007AAF5 /* ViewController.swift */ = {isa = PBXFileReference; lastKnownFileType = sourcecode.swift; path = ViewController.swift; sourceTree = "<group>"; };
		F0F2A21B2264209E0007AAF5 /* Base */ = {isa = PBXFileReference; lastKnownFileType = file.storyboard; name = Base; path = Base.lproj/Main.storyboard; sourceTree = "<group>"; };
		F0F2A21D226420A00007AAF5 /* Assets.xcassets */ = {isa = PBXFileReference; lastKnownFileType = folder.assetcatalog; path = Assets.xcassets; sourceTree = "<group>"; };
		F0F2A220226420A00007AAF5 /* Base */ = {isa = PBXFileReference; lastKnownFileType = file.storyboard; name = Base; path = Base.lproj/LaunchScreen.storyboard; sourceTree = "<group>"; };
		F0F2A222226420A00007AAF5 /* Info.plist */ = {isa = PBXFileReference; lastKnownFileType = text.plist.xml; path = Info.plist; sourceTree = "<group>"; };
		F0F2A227226420A00007AAF5 /* MySecondPlaygroundTests.xctest */ = {isa = PBXFileReference; explicitFileType = wrapper.cfbundle; includeInIndex = 0; path = MySecondPlaygroundTests.xctest; sourceTree = BUILT_PRODUCTS_DIR; };
		F0F2A22B226420A00007AAF5 /* MySecondPlaygroundTests.swift */ = {isa = PBXFileReference; lastKnownFileType = sourcecode.swift; path = MySecondPlaygroundTests.swift; sourceTree = "<group>"; };
		F0F2A22D226420A00007AAF5 /* Info.plist */ = {isa = PBXFileReference; lastKnownFileType = text.plist.xml; path = Info.plist; sourceTree = "<group>"; };
		F0F2A232226420A00007AAF5 /* MySecondPlaygroundUITests.xctest */ = {isa = PBXFileReference; explicitFileType = wrapper.cfbundle; includeInIndex = 0; path = MySecondPlaygroundUITests.xctest; sourceTree = BUILT_PRODUCTS_DIR; };
		F0F2A236226420A00007AAF5 /* MySecondPlaygroundUITests.swift */ = {isa = PBXFileReference; lastKnownFileType = sourcecode.swift; path = MySecondPlaygroundUITests.swift; sourceTree = "<group>"; };
		F0F2A238226420A00007AAF5 /* Info.plist */ = {isa = PBXFileReference; lastKnownFileType = text.plist.xml; path = Info.plist; sourceTree = "<group>"; };
/* End PBXFileReference section */

/* Begin PBXFrameworksBuildPhase section */
		F0F2A2102264209E0007AAF5 /* Frameworks */ = {
			isa = PBXFrameworksBuildPhase;
			buildActionMask = 2147483647;
			files = (
			);
			runOnlyForDeploymentPostprocessing = 0;
		};
		F0F2A224226420A00007AAF5 /* Frameworks */ = {
			isa = PBXFrameworksBuildPhase;
			buildActionMask = 2147483647;
			files = (
			);
			runOnlyForDeploymentPostprocessing = 0;
		};
		F0F2A22F226420A00007AAF5 /* Frameworks */ = {
			isa = PBXFrameworksBuildPhase;
			buildActionMask = 2147483647;
			files = (
			);
			runOnlyForDeploymentPostprocessing = 0;
		};
/* End PBXFrameworksBuildPhase section */

/* Begin PBXGroup section */
		F0F2A20A2264209E0007AAF5 = {
			isa = PBXGroup;
			children = (
				F0F2A2152264209E0007AAF5 /* MySecondPlayground */,
				F0F2A22A226420A00007AAF5 /* MySecondPlaygroundTests */,
				F0F2A235226420A00007AAF5 /* MySecondPlaygroundUITests */,
				F0F2A2142264209E0007AAF5 /* Products */,
			);
			sourceTree = "<group>";
		};
		F0F2A2142264209E0007AAF5 /* Products */ = {
			isa = PBXGroup;
			children = (
				F0F2A2132264209E0007AAF5 /* MySecondPlayground.app */,
				F0F2A227226420A00007AAF5 /* MySecondPlaygroundTests.xctest */,
				F0F2A232226420A00007AAF5 /* MySecondPlaygroundUITests.xctest */,
			);
			name = Products;
			sourceTree = "<group>";
		};
		F0F2A2152264209E0007AAF5 /* MySecondPlayground */ = {
			isa = PBXGroup;
			children = (
				F0F2A2162264209E0007AAF5 /* AppDelegate.swift */,
				F0F2A2182264209E0007AAF5 /* ViewController.swift */,
				F0F2A21A2264209E0007AAF5 /* Main.storyboard */,
				F0F2A21D226420A00007AAF5 /* Assets.xcassets */,
				F0F2A21F226420A00007AAF5 /* LaunchScreen.storyboard */,
				F0F2A222226420A00007AAF5 /* Info.plist */,
			);
			path = MySecondPlayground;
			sourceTree = "<group>";
		};
		F0F2A22A226420A00007AAF5 /* MySecondPlaygroundTests */ = {
			isa = PBXGroup;
			children = (
				F0F2A22B226420A00007AAF5 /* MySecondPlaygroundTests.swift */,
				F0F2A22D226420A00007AAF5 /* Info.plist */,
			);
			path = MySecondPlaygroundTests;
			sourceTree = "<group>";
		};
		F0F2A235226420A00007AAF5 /* MySecondPlaygroundUITests */ = {
			isa = PBXGroup;
			children = (
				F0F2A236226420A00007AAF5 /* MySecondPlaygroundUITests.swift */,
				F0F2A238226420A00007AAF5 /* Info.plist */,
			);
			path = MySecondPlaygroundUITests;
			sourceTree = "<group>";
		};
/* End PBXGroup section */

/* Begin PBXNativeTarget section */
		F0F2A2122264209E0007AAF5 /* MySecondPlayground */ = {
			isa = PBXNativeTarget;
			buildConfigurationList = F0F2A23B226420A00007AAF5 /* Build configuration list for PBXNativeTarget "MySecondPlayground" */;
			buildPhases = (
				F0F2A20F2264209E0007AAF5 /* Sources */,
				F0F2A2102264209E0007AAF5 /* Frameworks */,
				F0F2A2112264209E0007AAF5 /* Resources */,
			);
			buildRules = (
			);
			dependencies = (
			);
			name = MySecondPlayground;
			productName = MySecondPlayground;
			productReference = F0F2A2132264209E0007AAF5 /* MySecondPlayground.app */;
			productType = "com.apple.product-type.application";
		};
		F0F2A226226420A00007AAF5 /* MySecondPlaygroundTests */ = {
			isa = PBXNativeTarget;
			buildConfigurationList = F0F2A23E226420A00007AAF5 /* Build configuration list for PBXNativeTarget "MySecondPlaygroundTests" */;
			buildPhases = (
				F0F2A223226420A00007AAF5 /* Sources */,
				F0F2A224226420A00007AAF5 /* Frameworks */,
				F0F2A225226420A00007AAF5 /* Resources */,
			);
			buildRules = (
			);
			dependencies = (
				F0F2A229226420A00007AAF5 /* PBXTargetDependency */,
			);
			name = MySecondPlaygroundTests;
			productName = MySecondPlaygroundTests;
			productReference = F0F2A227226420A00007AAF5 /* MySecondPlaygroundTests.xctest */;
			productType = "com.apple.product-type.bundle.unit-test";
		};
		F0F2A231226420A00007AAF5 /* MySecondPlaygroundUITests */ = {
			isa = PBXNativeTarget;
			buildConfigurationList = F0F2A241226420A00007AAF5 /* Build configuration list for PBXNativeTarget "MySecondPlaygroundUITests" */;
			buildPhases = (
				F0F2A22E226420A00007AAF5 /* Sources */,
				F0F2A22F226420A00007AAF5 /* Frameworks */,
				F0F2A230226420A00007AAF5 /* Resources */,
			);
			buildRules = (
			);
			dependencies = (
				F0F2A234226420A00007AAF5 /* PBXTargetDependency */,
			);
			name = MySecondPlaygroundUITests;
			productName = MySecondPlaygroundUITests;
			productReference = F0F2A232226420A00007AAF5 /* MySecondPlaygroundUITests.xctest */;
			productType = "com.apple.product-type.bundle.ui-testing";
		};
/* End PBXNativeTarget section */

/* Begin PBXProject section */
		F0F2A20B2264209E0007AAF5 /* Project object */ = {
			isa = PBXProject;
			attributes = {
				LastSwiftUpdateCheck = 1020;
				LastUpgradeCheck = 1020;
				ORGANIZATIONNAME = "Rezli Arian Perdana";
				TargetAttributes = {
					F0F2A2122264209E0007AAF5 = {
						CreatedOnToolsVersion = 10.2;
					};
					F0F2A226226420A00007AAF5 = {
						CreatedOnToolsVersion = 10.2;
						TestTargetID = F0F2A2122264209E0007AAF5;
					};
					F0F2A231226420A00007AAF5 = {
						CreatedOnToolsVersion = 10.2;
						TestTargetID = F0F2A2122264209E0007AAF5;
					};
				};
			};
			buildConfigurationList = F0F2A20E2264209E0007AAF5 /* Build configuration list for PBXProject "MySecondPlayground" */;
			compatibilityVersion = "Xcode 9.3";
			developmentRegion = en;
			hasScannedForEncodings = 0;
			knownRegions = (
				en,
				Base,
			);
			mainGroup = F0F2A20A2264209E0007AAF5;
			productRefGroup = F0F2A2142264209E0007AAF5 /* Products */;
			projectDirPath = "";
			projectRoot = "";
			targets = (
				F0F2A2122264209E0007AAF5 /* MySecondPlayground */,
				F0F2A226226420A00007AAF5 /* MySecondPlaygroundTests */,
				F0F2A231226420A00007AAF5 /* MySecondPlaygroundUITests */,
			);
		};
/* End PBXProject section */

/* Begin PBXResourcesBuildPhase section */
		F0F2A2112264209E0007AAF5 /* Resources */ = {
			isa = PBXResourcesBuildPhase;
			buildActionMask = 2147483647;
			files = (
				F0F2A221226420A00007AAF5 /* LaunchScreen.storyboard in Resources */,
				F0F2A21E226420A00007AAF5 /* Assets.xcassets in Resources */,
				F0F2A21C2264209E0007AAF5 /* Main.storyboard in Resources */,
			);
			runOnlyForDeploymentPostprocessing = 0;
		};
		F0F2A225226420A00007AAF5 /* Resources */ = {
			isa = PBXResourcesBuildPhase;
			buildActionMask = 2147483647;
			files = (
			);
			runOnlyForDeploymentPostprocessing = 0;
		};
		F0F2A230226420A00007AAF5 /* Resources */ = {
			isa = PBXResourcesBuildPhase;
			buildActionMask = 2147483647;
			files = (
			);
			runOnlyForDeploymentPostprocessing = 0;
		};
/* End PBXResourcesBuildPhase section */

/* Begin PBXSourcesBuildPhase section */
		F0F2A20F2264209E0007AAF5 /* Sources */ = {
			isa = PBXSourcesBuildPhase;
			buildActionMask = 2147483647;
			files = (
				F0F2A2192264209E0007AAF5 /* ViewController.swift in Sources */,
				F0F2A2172264209E0007AAF5 /* AppDelegate.swift in Sources */,
			);
			runOnlyForDeploymentPostprocessing = 0;
		};
		F0F2A223226420A00007AAF5 /* Sources */ = {
			isa = PBXSourcesBuildPhase;
			buildActionMask = 2147483647;
			files = (
				F0F2A22C226420A00007AAF5 /* MySecondPlaygroundTests.swift in Sources */,
			);
			runOnlyForDeploymentPostprocessing = 0;
		};
		F0F2A22E226420A00007AAF5 /* Sources */ = {
			isa = PBXSourcesBuildPhase;
			buildActionMask = 2147483647;
			files = (
				F0F2A237226420A00007AAF5 /* MySecondPlaygroundUITests.swift in Sources */,
			);
			runOnlyForDeploymentPostprocessing = 0;
		};
/* End PBXSourcesBuildPhase section */

/* Begin PBXTargetDependency section */
		F0F2A229226420A00007AAF5 /* PBXTargetDependency */ = {
			isa = PBXTargetDependency;
			target = F0F2A2122264209E0007AAF5 /* MySecondPlayground */;
			targetProxy = F0F2A228226420A00007AAF5 /* PBXContainerItemProxy */;
		};
		F0F2A234226420A00007AAF5 /* PBXTargetDependency */ = {
			isa = PBXTargetDependency;
			target = F0F2A2122264209E0007AAF5 /* MySecondPlayground */;
			targetProxy = F0F2A233226420A00007AAF5 /* PBXContainerItemProxy */;
		};
/* End PBXTargetDependency section */

/* Begin PBXVariantGroup section */
		F0F2A21A2264209E0007AAF5 /* Main.storyboard */ = {
			isa = PBXVariantGroup;
			children = (
				F0F2A21B2264209E0007AAF5 /* Base */,
			);
			name = Main.storyboard;
			sourceTree = "<group>";
		};
		F0F2A21F226420A00007AAF5 /* LaunchScreen.storyboard */ = {
			isa = PBXVariantGroup;
			children = (
				F0F2A220226420A00007AAF5 /* Base */,
			);
			name = LaunchScreen.storyboard;
			sourceTree = "<group>";
		};
/* End PBXVariantGroup section */

/* Begin XCBuildConfiguration section */
		F0F2A239226420A00007AAF5 /* Debug */ = {
			isa = XCBuildConfiguration;
			buildSettings = {
				ALWAYS_SEARCH_USER_PATHS = NO;
				CLANG_ANALYZER_NONNULL = YES;
				CLANG_ANALYZER_NUMBER_OBJECT_CONVERSION = YES_AGGRESSIVE;
				CLANG_CXX_LANGUAGE_STANDARD = "gnu++14";
				CLANG_CXX_LIBRARY = "libc++";
				CLANG_ENABLE_MODULES = YES;
				CLANG_ENABLE_OBJC_ARC = YES;
				CLANG_ENABLE_OBJC_WEAK = YES;
				CLANG_WARN_BLOCK_CAPTURE_AUTORELEASING = YES;
				CLANG_WARN_BOOL_CONVERSION = YES;
				CLANG_WARN_COMMA = YES;
				CLANG_WARN_CONSTANT_CONVERSION = YES;
				CLANG_WARN_DEPRECATED_OBJC_IMPLEMENTATIONS = YES;
				CLANG_WARN_DIRECT_OBJC_ISA_USAGE = YES_ERROR;
				CLANG_WARN_DOCUMENTATION_COMMENTS = YES;
				CLANG_WARN_EMPTY_BODY = YES;
				CLANG_WARN_ENUM_CONVERSION = YES;
				CLANG_WARN_INFINITE_RECURSION = YES;
				CLANG_WARN_INT_CONVERSION = YES;
				CLANG_WARN_NON_LITERAL_NULL_CONVERSION = YES;
				CLANG_WARN_OBJC_IMPLICIT_RETAIN_SELF = YES;
				CLANG_WARN_OBJC_LITERAL_CONVERSION = YES;
				CLANG_WARN_OBJC_ROOT_CLASS = YES_ERROR;
				CLANG_WARN_RANGE_LOOP_ANALYSIS = YES;
				CLANG_WARN_STRICT_PROTOTYPES = YES;
				CLANG_WARN_SUSPICIOUS_MOVE = YES;
				CLANG_WARN_UNGUARDED_AVAILABILITY = YES_AGGRESSIVE;
				CLANG_WARN_UNREACHABLE_CODE = YES;
				CLANG_WARN__DUPLICATE_METHOD_MATCH = YES;
				CODE_SIGN_IDENTITY = "iPhone Developer";
				COPY_PHASE_STRIP = NO;
				DEBUG_INFORMATION_FORMAT = dwarf;
				ENABLE_STRICT_OBJC_MSGSEND = YES;
				ENABLE_TESTABILITY = YES;
				GCC_C_LANGUAGE_STANDARD = gnu11;
				GCC_DYNAMIC_NO_PIC = NO;
				GCC_NO_COMMON_BLOCKS = YES;
				GCC_OPTIMIZATION_LEVEL = 0;
				GCC_PREPROCESSOR_DEFINITIONS = (
					"DEBUG=1",
					"$(inherited)",
				);
				GCC_WARN_64_TO_32_BIT_CONVERSION = YES;
				GCC_WARN_ABOUT_RETURN_TYPE = YES_ERROR;
				GCC_WARN_UNDECLARED_SELECTOR = YES;
				GCC_WARN_UNINITIALIZED_AUTOS = YES_AGGRESSIVE;
				GCC_WARN_UNUSED_FUNCTION = YES;
				GCC_WARN_UNUSED_VARIABLE = YES;
				IPHONEOS_DEPLOYMENT_TARGET = 12.2;
				MTL_ENABLE_DEBUG_INFO = INCLUDE_SOURCE;
				MTL_FAST_MATH = YES;
				ONLY_ACTIVE_ARCH = YES;
				SDKROOT = iphoneos;
				SWIFT_ACTIVE_COMPILATION_CONDITIONS = DEBUG;
				SWIFT_OPTIMIZATION_LEVEL = "-Onone";
			};
			name = Debug;
		};
		F0F2A23A226420A00007AAF5 /* Release */ = {
			isa = XCBuildConfiguration;
			buildSettings = {
				ALWAYS_SEARCH_USER_PATHS = NO;
				CLANG_ANALYZER_NONNULL = YES;
				CLANG_ANALYZER_NUMBER_OBJECT_CONVERSION = YES_AGGRESSIVE;
				CLANG_CXX_LANGUAGE_STANDARD = "gnu++14";
				CLANG_CXX_LIBRARY = "libc++";
				CLANG_ENABLE_MODULES = YES;
				CLANG_ENABLE_OBJC_ARC = YES;
				CLANG_ENABLE_OBJC_WEAK = YES;
				CLANG_WARN_BLOCK_CAPTURE_AUTORELEASING = YES;
				CLANG_WARN_BOOL_CONVERSION = YES;
				CLANG_WARN_COMMA = YES;
				CLANG_WARN_CONSTANT_CONVERSION = YES;
				CLANG_WARN_DEPRECATED_OBJC_IMPLEMENTATIONS = YES;
				CLANG_WARN_DIRECT_OBJC_ISA_USAGE = YES_ERROR;
				CLANG_WARN_DOCUMENTATION_COMMENTS = YES;
				CLANG_WARN_EMPTY_BODY = YES;
				CLANG_WARN_ENUM_CONVERSION = YES;
				CLANG_WARN_INFINITE_RECURSION = YES;
				CLANG_WARN_INT_CONVERSION = YES;
				CLANG_WARN_NON_LITERAL_NULL_CONVERSION = YES;
				CLANG_WARN_OBJC_IMPLICIT_RETAIN_SELF = YES;
				CLANG_WARN_OBJC_LITERAL_CONVERSION = YES;
				CLANG_WARN_OBJC_ROOT_CLASS = YES_ERROR;
				CLANG_WARN_RANGE_LOOP_ANALYSIS = YES;
				CLANG_WARN_STRICT_PROTOTYPES = YES;
				CLANG_WARN_SUSPICIOUS_MOVE = YES;
				CLANG_WARN_UNGUARDED_AVAILABILITY = YES_AGGRESSIVE;
				CLANG_WARN_UNREACHABLE_CODE = YES;
				CLANG_WARN__DUPLICATE_METHOD_MATCH = YES;
				CODE_SIGN_IDENTITY = "iPhone Developer";
				COPY_PHASE_STRIP = NO;
				DEBUG_INFORMATION_FORMAT = "dwarf-with-dsym";
				ENABLE_NS_ASSERTIONS = NO;
				ENABLE_STRICT_OBJC_MSGSEND = YES;
				GCC_C_LANGUAGE_STANDARD = gnu11;
				GCC_NO_COMMON_BLOCKS = YES;
				GCC_WARN_64_TO_32_BIT_CONVERSION = YES;
				GCC_WARN_ABOUT_RETURN_TYPE = YES_ERROR;
				GCC_WARN_UNDECLARED_SELECTOR = YES;
				GCC_WARN_UNINITIALIZED_AUTOS = YES_AGGRESSIVE;
				GCC_WARN_UNUSED_FUNCTION = YES;
				GCC_WARN_UNUSED_VARIABLE = YES;
				IPHONEOS_DEPLOYMENT_TARGET = 12.2;
				MTL_ENABLE_DEBUG_INFO = NO;
				MTL_FAST_MATH = YES;
				SDKROOT = iphoneos;
				SWIFT_COMPILATION_MODE = wholemodule;
				SWIFT_OPTIMIZATION_LEVEL = "-O";
				VALIDATE_PRODUCT = YES;
			};
			name = Release;
		};
		F0F2A23C226420A00007AAF5 /* Debug */ = {
			isa = XCBuildConfiguration;
			buildSettings = {
				ASSETCATALOG_COMPILER_APPICON_NAME = AppIcon;
				CODE_SIGN_STYLE = Automatic;
				INFOPLIST_FILE = MySecondPlayground/Info.plist;
				LD_RUNPATH_SEARCH_PATHS = (
					"$(inherited)",
					"@executable_path/Frameworks",
				);
				PRODUCT_BUNDLE_IDENTIFIER = com.developer.MySecondPlayground;
				PRODUCT_NAME = "$(TARGET_NAME)";
				SWIFT_VERSION = 5.0;
				TARGETED_DEVICE_FAMILY = "1,2";
			};
			name = Debug;
		};
		F0F2A23D226420A00007AAF5 /* Release */ = {
			isa = XCBuildConfiguration;
			buildSettings = {
				ASSETCATALOG_COMPILER_APPICON_NAME = AppIcon;
				CODE_SIGN_STYLE = Automatic;
				INFOPLIST_FILE = MySecondPlayground/Info.plist;
				LD_RUNPATH_SEARCH_PATHS = (
					"$(inherited)",
					"@executable_path/Frameworks",
				);
				PRODUCT_BUNDLE_IDENTIFIER = com.developer.MySecondPlayground;
				PRODUCT_NAME = "$(TARGET_NAME)";
				SWIFT_VERSION = 5.0;
				TARGETED_DEVICE_FAMILY = "1,2";
			};
			name = Release;
		};
		F0F2A23F226420A00007AAF5 /* Debug */ = {
			isa = XCBuildConfiguration;
			buildSettings = {
				ALWAYS_EMBED_SWIFT_STANDARD_LIBRARIES = YES;
				BUNDLE_LOADER = "$(TEST_HOST)";
				CODE_SIGN_STYLE = Automatic;
				INFOPLIST_FILE = MySecondPlaygroundTests/Info.plist;
				LD_RUNPATH_SEARCH_PATHS = (
					"$(inherited)",
					"@executable_path/Frameworks",
					"@loader_path/Frameworks",
				);
				PRODUCT_BUNDLE_IDENTIFIER = com.developer.MySecondPlaygroundTests;
				PRODUCT_NAME = "$(TARGET_NAME)";
				SWIFT_VERSION = 5.0;
				TARGETED_DEVICE_FAMILY = "1,2";
				TEST_HOST = "$(BUILT_PRODUCTS_DIR)/MySecondPlayground.app/MySecondPlayground";
			};
			name = Debug;
		};
		F0F2A240226420A00007AAF5 /* Release */ = {
			isa = XCBuildConfiguration;
			buildSettings = {
				ALWAYS_EMBED_SWIFT_STANDARD_LIBRARIES = YES;
				BUNDLE_LOADER = "$(TEST_HOST)";
				CODE_SIGN_STYLE = Automatic;
				INFOPLIST_FILE = MySecondPlaygroundTests/Info.plist;
				LD_RUNPATH_SEARCH_PATHS = (
					"$(inherited)",
					"@executable_path/Frameworks",
					"@loader_path/Frameworks",
				);
				PRODUCT_BUNDLE_IDENTIFIER = com.developer.MySecondPlaygroundTests;
				PRODUCT_NAME = "$(TARGET_NAME)";
				SWIFT_VERSION = 5.0;
				TARGETED_DEVICE_FAMILY = "1,2";
				TEST_HOST = "$(BUILT_PRODUCTS_DIR)/MySecondPlayground.app/MySecondPlayground";
			};
			name = Release;
		};
		F0F2A242226420A00007AAF5 /* Debug */ = {
			isa = XCBuildConfiguration;
			buildSettings = {
				ALWAYS_EMBED_SWIFT_STANDARD_LIBRARIES = YES;
				CODE_SIGN_STYLE = Automatic;
				INFOPLIST_FILE = MySecondPlaygroundUITests/Info.plist;
				LD_RUNPATH_SEARCH_PATHS = (
					"$(inherited)",
					"@executable_path/Frameworks",
					"@loader_path/Frameworks",
				);
				PRODUCT_BUNDLE_IDENTIFIER = com.developer.MySecondPlaygroundUITests;
				PRODUCT_NAME = "$(TARGET_NAME)";
				SWIFT_VERSION = 5.0;
				TARGETED_DEVICE_FAMILY = "1,2";
				TEST_TARGET_NAME = MySecondPlayground;
			};
			name = Debug;
		};
		F0F2A243226420A00007AAF5 /* Release */ = {
			isa = XCBuildConfiguration;
			buildSettings = {
				ALWAYS_EMBED_SWIFT_STANDARD_LIBRARIES = YES;
				CODE_SIGN_STYLE = Automatic;
				INFOPLIST_FILE = MySecondPlaygroundUITests/Info.plist;
				LD_RUNPATH_SEARCH_PATHS = (
					"$(inherited)",
					"@executable_path/Frameworks",
					"@loader_path/Frameworks",
				);
				PRODUCT_BUNDLE_IDENTIFIER = com.developer.MySecondPlaygroundUITests;
				PRODUCT_NAME = "$(TARGET_NAME)";
				SWIFT_VERSION = 5.0;
				TARGETED_DEVICE_FAMILY = "1,2";
				TEST_TARGET_NAME = MySecondPlayground;
			};
			name = Release;
		};
/* End XCBuildConfiguration section */

/* Begin XCConfigurationList section */
		F0F2A20E2264209E0007AAF5 /* Build configuration list for PBXProject "MySecondPlayground" */ = {
			isa = XCConfigurationList;
			buildConfigurations = (
				F0F2A239226420A00007AAF5 /* Debug */,
				F0F2A23A226420A00007AAF5 /* Release */,
			);
			defaultConfigurationIsVisible = 0;
			defaultConfigurationName = Release;
		};
		F0F2A23B226420A00007AAF5 /* Build configuration list for PBXNativeTarget "MySecondPlayground" */ = {
			isa = XCConfigurationList;
			buildConfigurations = (
				F0F2A23C226420A00007AAF5 /* Debug */,
				F0F2A23D226420A00007AAF5 /* Release */,
			);
			defaultConfigurationIsVisible = 0;
			defaultConfigurationName = Release;
		};
		F0F2A23E226420A00007AAF5 /* Build configuration list for PBXNativeTarget "MySecondPlaygroundTests" */ = {
			isa = XCConfigurationList;
			buildConfigurations = (
				F0F2A23F226420A00007AAF5 /* Debug */,
				F0F2A240226420A00007AAF5 /* Release */,
			);
			defaultConfigurationIsVisible = 0;
			defaultConfigurationName = Release;
		};
		F0F2A241226420A00007AAF5 /* Build configuration list for PBXNativeTarget "MySecondPlaygroundUITests" */ = {
			isa = XCConfigurationList;
			buildConfigurations = (
				F0F2A242226420A00007AAF5 /* Debug */,
				F0F2A243226420A00007AAF5 /* Release */,
			);
			defaultConfigurationIsVisible = 0;
			defaultConfigurationName = Release;
		};
/* End XCConfigurationList section */
	};
	rootObject = F0F2A20B2264209E0007AAF5 /* Project object */;
}
